
Microsoft Visual Studio Solution File, Format Version 12.00
# Visual Studio 15
VisualStudioVersion = 15.0.27428.2015
MinimumVisualStudioVersion = 10.0.40219.1
Project("{FAE04EC0-301F-11D3-BF4B-00C04F79EFBC}") = "ConsoleApp14", "ConsoleApp14\ConsoleApp14.csproj", "{C8C2E7A0-D187-41C0-82FF-078650F11FD6}"
EndProject
Global
	GlobalSection(SolutionConfigurationPlatforms) = preSolution
		Debug|Any CPU = Debug|Any CPU
		Release|Any CPU = Release|Any CPU
	EndGlobalSection
	GlobalSection(ProjectConfigurationPlatforms) = postSolution
		{C8C2E7A0-D187-41C0-82FF-078650F11FD6}.Debug|Any CPU.ActiveCfg = Debug|Any CPU
		{C8C2E7A0-D187-41C0-82FF-078650F11FD6}.Debug|Any CPU.Build.0 = Debug|Any CPU
		{C8C2E7A0-D187-41C0-82FF-078650F11FD6}.Release|Any CPU.ActiveCfg = Release|Any CPU
		{C8C2E7A0-D187-41C0-82FF-078650F11FD6}.Release|Any CPU.Build.0 = Release|Any CPU
	EndGlobalSection
	GlobalSection(SolutionProperties) = preSolution
		HideSolutionNode = FALSE
	EndGlobalSection
	GlobalSection(ExtensibilityGlobals) = postSolution
		SolutionGuid = {C7F5AD69-1CBA-495E-B1D6-839218271BD6}
	EndGlobalSection
EndGlobal
